uuid: bbdf945b-3d0d-4d64-a04c-3536d2909541
langcode: fi
status: true
dependencies:
  theme:
    - tampere
id: openreadspeakerblock
theme: tampere
region: pre_content
weight: 0
provider: null
plugin: open_readspeaker_webreader
settings:
  id: open_readspeaker_block
  label: 'Open readspeaker block'
  label_display: '0'
  provider: open_readspeaker
  button_url: '//app-[open-readspeaker:cdn].readspeaker.com/cgi-bin/rsent'
  button_text: Kuuntele
  button_title: 'Kuuntele tätä sivua ReadSpeakerillä'
  reading_area: main-content
  reading_area_class: main-content
visibility: {  }
