uuid: bbdf945b-3d0d-4d64-a04c-3536d2909541
langcode: fi
status: true
dependencies:
  module:
    - open_readspeaker
  theme:
    - tampere
id: openreadspeakerblock
theme: tampere
region: pre_content
weight: 0
provider: null
plugin: open_readspeaker_block
settings:
  id: open_readspeaker_block
  label: 'Open readspeaker block'
  label_display: '0'
  provider: open_readspeaker
  open_readspeaker_buttonstyle: open-readspeaker-button
  open_readspeaker_buttontext: Kuuntele
  open_readspeaker_buttontitle: 'Kuuntele tätä sivua ReadSpeakerillä'
  open_readspeaker_reading_area: main-content
  open_readspeaker_reading_area_class: main-content
visibility: {  }
